
Microsoft Visual Studio Solution File, Format Version 12.00
# Visual Studio Version 16
VisualStudioVersion = 16.0.30114.105
MinimumVisualStudioVersion = 10.0.40219.1
Project("{FAE04EC0-301F-11D3-BF4B-00C04F79EFBC}") = "ServiceTool", "..\ServiceTool\ServiceTool.csproj", "{C9499CBD-9930-43A6-A101-A4AA10A82A15}"
EndProject
Global
	GlobalSection(SolutionConfigurationPlatforms) = preSolution
		Debug|Any CPU = Debug|Any CPU
		Release|Any CPU = Release|Any CPU
	EndGlobalSection
	GlobalSection(ProjectConfigurationPlatforms) = postSolution
		{C9499CBD-9930-43A6-A101-A4AA10A82A15}.Debug|Any CPU.ActiveCfg = Debug|Any CPU
		{C9499CBD-9930-43A6-A101-A4AA10A82A15}.Debug|Any CPU.Build.0 = Debug|Any CPU
		{C9499CBD-9930-43A6-A101-A4AA10A82A15}.Release|Any CPU.ActiveCfg = Release|Any CPU
		{C9499CBD-9930-43A6-A101-A4AA10A82A15}.Release|Any CPU.Build.0 = Release|Any CPU
	EndGlobalSection
	GlobalSection(SolutionProperties) = preSolution
		HideSolutionNode = FALSE
	EndGlobalSection
	GlobalSection(ExtensibilityGlobals) = postSolution
		SolutionGuid = {0CF3912E-9D14-4068-BB54-C0F79C1E7E8A}
	EndGlobalSection
EndGlobal
